
Microsoft Visual Studio Solution File, Format Version 11.00
# Visual Studio 2010
Project("{FAE04EC0-301F-11D3-BF4B-00C04F79EFBC}") = "PluggableApplication", "PluggableApplication\PluggableApplication.csproj", "{C2C659C1-C9B3-43CB-AE60-AA5DD584D67B}"
EndProject
Project("{FAE04EC0-301F-11D3-BF4B-00C04F79EFBC}") = "MyPluggableApplication.Core", "MyPluggableApplication.Core\MyPluggableApplication.Core.csproj", "{81188E88-F39E-4A1E-9E07-B0B2280C1460}"
EndProject
Project("{FAE04EC0-301F-11D3-BF4B-00C04F79EFBC}") = "MyFirstPlugin", "MyFirstPlugin\MyFirstPlugin.csproj", "{21310E72-471D-4A7D-B25F-2F3C14A1B377}"
EndProject
Project("{FAE04EC0-301F-11D3-BF4B-00C04F79EFBC}") = "MySecondPlugin", "MySecondPlugin\MySecondPlugin.csproj", "{84DBEF2A-3E63-4E1C-8BD9-FAFA2D75BF17}"
EndProject
Global
	GlobalSection(SubversionScc) = preSolution
		Svn-Managed = True
		Manager = AnkhSVN - Subversion Support for Visual Studio
	EndGlobalSection
	GlobalSection(SolutionConfigurationPlatforms) = preSolution
		Debug|Any CPU = Debug|Any CPU
		Debug|Mixed Platforms = Debug|Mixed Platforms
		Debug|x86 = Debug|x86
		Release|Any CPU = Release|Any CPU
		Release|Mixed Platforms = Release|Mixed Platforms
		Release|x86 = Release|x86
	EndGlobalSection
	GlobalSection(ProjectConfigurationPlatforms) = postSolution
		{C2C659C1-C9B3-43CB-AE60-AA5DD584D67B}.Debug|Any CPU.ActiveCfg = Debug|x86
		{C2C659C1-C9B3-43CB-AE60-AA5DD584D67B}.Debug|Mixed Platforms.ActiveCfg = Debug|x86
		{C2C659C1-C9B3-43CB-AE60-AA5DD584D67B}.Debug|Mixed Platforms.Build.0 = Debug|x86
		{C2C659C1-C9B3-43CB-AE60-AA5DD584D67B}.Debug|x86.ActiveCfg = Debug|x86
		{C2C659C1-C9B3-43CB-AE60-AA5DD584D67B}.Debug|x86.Build.0 = Debug|x86
		{C2C659C1-C9B3-43CB-AE60-AA5DD584D67B}.Release|Any CPU.ActiveCfg = Release|x86
		{C2C659C1-C9B3-43CB-AE60-AA5DD584D67B}.Release|Mixed Platforms.ActiveCfg = Release|x86
		{C2C659C1-C9B3-43CB-AE60-AA5DD584D67B}.Release|Mixed Platforms.Build.0 = Release|x86
		{C2C659C1-C9B3-43CB-AE60-AA5DD584D67B}.Release|x86.ActiveCfg = Release|x86
		{C2C659C1-C9B3-43CB-AE60-AA5DD584D67B}.Release|x86.Build.0 = Release|x86
		{81188E88-F39E-4A1E-9E07-B0B2280C1460}.Debug|Any CPU.ActiveCfg = Debug|Any CPU
		{81188E88-F39E-4A1E-9E07-B0B2280C1460}.Debug|Any CPU.Build.0 = Debug|Any CPU
		{81188E88-F39E-4A1E-9E07-B0B2280C1460}.Debug|Mixed Platforms.ActiveCfg = Debug|Any CPU
		{81188E88-F39E-4A1E-9E07-B0B2280C1460}.Debug|Mixed Platforms.Build.0 = Debug|Any CPU
		{81188E88-F39E-4A1E-9E07-B0B2280C1460}.Debug|x86.ActiveCfg = Debug|Any CPU
		{81188E88-F39E-4A1E-9E07-B0B2280C1460}.Release|Any CPU.ActiveCfg = Release|Any CPU
		{81188E88-F39E-4A1E-9E07-B0B2280C1460}.Release|Any CPU.Build.0 = Release|Any CPU
		{81188E88-F39E-4A1E-9E07-B0B2280C1460}.Release|Mixed Platforms.ActiveCfg = Release|Any CPU
		{81188E88-F39E-4A1E-9E07-B0B2280C1460}.Release|Mixed Platforms.Build.0 = Release|Any CPU
		{81188E88-F39E-4A1E-9E07-B0B2280C1460}.Release|x86.ActiveCfg = Release|Any CPU
		{21310E72-471D-4A7D-B25F-2F3C14A1B377}.Debug|Any CPU.ActiveCfg = Debug|Any CPU
		{21310E72-471D-4A7D-B25F-2F3C14A1B377}.Debug|Any CPU.Build.0 = Debug|Any CPU
		{21310E72-471D-4A7D-B25F-2F3C14A1B377}.Debug|Mixed Platforms.ActiveCfg = Debug|Any CPU
		{21310E72-471D-4A7D-B25F-2F3C14A1B377}.Debug|Mixed Platforms.Build.0 = Debug|Any CPU
		{21310E72-471D-4A7D-B25F-2F3C14A1B377}.Debug|x86.ActiveCfg = Debug|Any CPU
		{21310E72-471D-4A7D-B25F-2F3C14A1B377}.Release|Any CPU.ActiveCfg = Release|Any CPU
		{21310E72-471D-4A7D-B25F-2F3C14A1B377}.Release|Any CPU.Build.0 = Release|Any CPU
		{21310E72-471D-4A7D-B25F-2F3C14A1B377}.Release|Mixed Platforms.ActiveCfg = Release|Any CPU
		{21310E72-471D-4A7D-B25F-2F3C14A1B377}.Release|Mixed Platforms.Build.0 = Release|Any CPU
		{21310E72-471D-4A7D-B25F-2F3C14A1B377}.Release|x86.ActiveCfg = Release|Any CPU
		{84DBEF2A-3E63-4E1C-8BD9-FAFA2D75BF17}.Debug|Any CPU.ActiveCfg = Debug|Any CPU
		{84DBEF2A-3E63-4E1C-8BD9-FAFA2D75BF17}.Debug|Any CPU.Build.0 = Debug|Any CPU
		{84DBEF2A-3E63-4E1C-8BD9-FAFA2D75BF17}.Debug|Mixed Platforms.ActiveCfg = Debug|Any CPU
		{84DBEF2A-3E63-4E1C-8BD9-FAFA2D75BF17}.Debug|Mixed Platforms.Build.0 = Debug|Any CPU
		{84DBEF2A-3E63-4E1C-8BD9-FAFA2D75BF17}.Debug|x86.ActiveCfg = Debug|Any CPU
		{84DBEF2A-3E63-4E1C-8BD9-FAFA2D75BF17}.Release|Any CPU.ActiveCfg = Release|Any CPU
		{84DBEF2A-3E63-4E1C-8BD9-FAFA2D75BF17}.Release|Any CPU.Build.0 = Release|Any CPU
		{84DBEF2A-3E63-4E1C-8BD9-FAFA2D75BF17}.Release|Mixed Platforms.ActiveCfg = Release|Any CPU
		{84DBEF2A-3E63-4E1C-8BD9-FAFA2D75BF17}.Release|Mixed Platforms.Build.0 = Release|Any CPU
		{84DBEF2A-3E63-4E1C-8BD9-FAFA2D75BF17}.Release|x86.ActiveCfg = Release|Any CPU
	EndGlobalSection
	GlobalSection(SolutionProperties) = preSolution
		HideSolutionNode = FALSE
	EndGlobalSection
EndGlobal
